{
  "version": 4,
  "terraform_version": "1.7.3",
  "serial": 4,
  "lineage": "f7c4cb28-15fc-e41f-b661-515a1be0cf8b",
  "outputs": {
    "kubernetes_cluster_host": {
      "value": "35.184.45.115",
      "type": "string"
    },
    "kubernetes_cluster_name": {
      "value": "mlops-845261-gke",
      "type": "string"
    },
    "project_id": {
      "value": "mlops-845261",
      "type": "string"
    },
    "region": {
      "value": "us-central1",
      "type": "string"
    }
  },
  "resources": [
    {
      "mode": "managed",
      "type": "google_container_cluster",
      "name": "primary",
      "provider": "provider[\"registry.terraform.io/hashicorp/google\"]",
      "instances": [
        {
          "schema_version": 1,
          "attributes": {
            "addons_config": [
              {
                "cloudrun_config": [],
                "config_connector_config": [],
                "dns_cache_config": [],
                "gce_persistent_disk_csi_driver_config": [
                  {
                    "enabled": true
                  }
                ],
                "gcp_filestore_csi_driver_config": [],
                "gcs_fuse_csi_driver_config": [],
                "gke_backup_agent_config": [],
                "horizontal_pod_autoscaling": [],
                "http_load_balancing": [],
                "network_policy_config": [
                  {
                    "disabled": true
                  }
                ]
              }
            ],
            "allow_net_admin": null,
            "authenticator_groups_config": [],
            "binary_authorization": [
              {
                "enabled": false,
                "evaluation_mode": ""
              }
            ],
            "cluster_autoscaling": [
              {
                "auto_provisioning_defaults": [],
                "enabled": false,
                "resource_limits": []
              }
            ],
            "cluster_ipv4_cidr": "10.0.0.0/14",
            "confidential_nodes": [],
            "cost_management_config": [],
            "database_encryption": [
              {
                "key_name": "",
                "state": "DECRYPTED"
              }
            ],
            "datapath_provider": "",
            "default_max_pods_per_node": null,
            "default_snat_status": [
              {
                "disabled": false
              }
            ],
            "description": "",
            "dns_config": [],
            "enable_autopilot": false,
            "enable_binary_authorization": false,
            "enable_intranode_visibility": false,
            "enable_k8s_beta_apis": [],
            "enable_kubernetes_alpha": false,
            "enable_l4_ilb_subsetting": false,
            "enable_legacy_abac": false,
            "enable_shielded_nodes": true,
            "enable_tpu": false,
            "endpoint": "35.184.45.115",
            "gateway_api_config": [],
            "id": "projects/mlops-845261/locations/us-central1/clusters/mlops-845261-gke",
            "initial_node_count": 1,
            "ip_allocation_policy": [],
            "label_fingerprint": "a9dc16a7",
            "location": "us-central1",
            "logging_config": [
              {
                "enable_components": [
                  "SYSTEM_COMPONENTS",
                  "WORKLOADS"
                ]
              }
            ],
            "logging_service": "logging.googleapis.com/kubernetes",
            "maintenance_policy": [],
            "master_auth": [
              {
                "client_certificate": "",
                "client_certificate_config": [
                  {
                    "issue_client_certificate": false
                  }
                ],
                "client_key": "",
                "cluster_ca_certificate": "LS0tLS1CRUdJTiBDRVJUSUZJQ0FURS0tLS0tCk1JSUVMRENDQXBTZ0F3SUJBZ0lRS3hjL3o1NU1uZzVnVTZTcTNwN2toakFOQmdrcWhraUc5dzBCQVFzRkFEQXYKTVMwd0t3WURWUVFERXlSaU5tVm1PRGt5WVMxa09EZGxMVFF5TURjdE9EUm1aUzB5T1RBd05UUTVZVFZpWWpNdwpJQmNOTWpRd016RXpNVE0wTURNeFdoZ1BNakExTkRBek1EWXhORFF3TXpGYU1DOHhMVEFyQmdOVkJBTVRKR0kyClpXWTRPVEpoTFdRNE4yVXROREl3TnkwNE5HWmxMVEk1TURBMU5EbGhOV0ppTXpDQ0FhSXdEUVlKS29aSWh2Y04KQVFFQkJRQURnZ0dQQURDQ0FZb0NnZ0dCQUt2eUtQbFpsaURwOFlsc0U4eTVrMlE4NGwyTGV1SElVZGUvMDZjSAo2SWI5QzA1M292NDJNWm9nWG90VzEwR3FrbS93TXlvV2xiM1ZXS3pZbS93MGZFNU0xcVo4YitjTzRTWWkrNXhvCmo3Y0JRQURVei9wOEh3ZFA2bzVjQ1hkQW9SbGRVSFh2ZkNKZ0Z3ZURydVIxZjRtSFdBQkp3QTFkbWN3ZmdYa2MKM2luNGFKd2x0NzEzUnNLN2pHNEJSYXpkS29TcmhpMGQ0VHJJTXd6M3RuNjhlTUpFc1VrTmIxUUt0bXJGeWo4NgpQK0hqRDVvbWtUcEFJaHQ5bWQycXBjQ0pRTmdKakt5bFhKSzdhVVBpSmhaRVIrdUtKRVcxMHJTZzBQQ05MZzVpCmwzUEdPRXYwT0U5MndPcFFRbW9IeFdocVJlUmhZWFhCRWZ6K082N2tiOG45VDN0RTB1akIyaFBIalNuYzhKZ0cKS0tJSldSY3ZOT3lRRzFnb0d6REpVTEJBVDJNR1luRU9COXMvclJpUzJndzRLMWYvSFNOOG92a2I1ZXdUQ0JzRwp1WHVZYjVRMUMwcE5SVk4vK0NGM3FMSTgwOCt0Uk1MM1ZUM3lTTXVwdUgxVzZRVUlaMGxUUkRvZEEzMXozYkJYCmE1bFQwUi92WVJkdEU3TzBaYkFMdGFBckh3SURBUUFCbzBJd1FEQU9CZ05WSFE4QkFmOEVCQU1DQWdRd0R3WUQKVlIwVEFRSC9CQVV3QXdFQi96QWRCZ05WSFE0RUZnUVVzNkQ0TEZuUEdZY0QzOElkenhIRlZ0aWZTUDh3RFFZSgpLb1pJaHZjTkFRRUxCUUFEZ2dHQkFBTTQ5clVsUXQ4UHhPQjc2cmpXbmNUVDhZenZTNmZ3WmYvQVlpWUNtY1hiCjR6WW1ENmkxcjZlTlJvN3o1QVhydDRIZkVyZ204aUVLd3B3ZHJQYWljaURmckJrUDhNOTAySit4Nzl5cnBQazMKQzZseVBwa1laYjA1Mm15TkxZWHA3d1VxRDEwTnpDSTZyOFFlc1p0VHh5bjVQVUdkeVlBUk9KM0MvZVdlSzJSTApkVk1GL214ck1DNzZhY3JCRUJJWWpheXRldXZPdUtJdjBoTU94UWdJK1RaR3VPVnhGQ21qYXdRMXpjRHd2THcyClIrY3JFUmNCVUluUSt4V0JIRlRhTGFIdGhZbmRlYmJPcjAwS2hrdjVQSnhMWWwwQVBNOC95TkxlaElCVG9lK24KYmtrVm5sR1BBeDRsZjdPMFpuTWk5alFGc2ZUSzFYRisrQlcvYXUxeGgxVE9BL01wbXE2cEFCbU43WnUyaDF0UQpVZk8ySzRjTUt1R2hDME9ycWRkRGtDbVNxWnQ4azBPYWtiNUdpRDJrZEVsR2luOS9oMW1DWW9iSTdGYnhlZytRCmNrdUVZZEhpRFZmQWVJbjM4Q2Z0Y2FkWGMxZXU2bVpVemZmWmZxK3hmckNFL2RNR0sreitmcWdSY2hWNFFkeEUKNmR0Q092VCtCMEhJMzB0dnVDWFVHQT09Ci0tLS0tRU5EIENFUlRJRklDQVRFLS0tLS0K"
              }
            ],
            "master_authorized_networks_config": [],
            "master_version": "1.27.8-gke.1067004",
            "mesh_certificates": [],
            "min_master_version": null,
            "monitoring_config": [
              {
                "advanced_datapath_observability_config": [
                  {
                    "enable_metrics": false,
                    "relay_mode": ""
                  }
                ],
                "enable_components": [
                  "SYSTEM_COMPONENTS"
                ],
                "managed_prometheus": [
                  {
                    "enabled": true
                  }
                ]
              }
            ],
            "monitoring_service": "monitoring.googleapis.com/kubernetes",
            "name": "mlops-845261-gke",
            "network": "projects/mlops-845261/global/networks/default",
            "network_policy": [
              {
                "enabled": false,
                "provider": "PROVIDER_UNSPECIFIED"
              }
            ],
            "networking_mode": "ROUTES",
            "node_config": [],
            "node_locations": [
              "us-central1-a",
              "us-central1-b",
              "us-central1-f"
            ],
            "node_pool": [],
            "node_pool_defaults": [
              {
                "node_config_defaults": [
                  {
                    "logging_variant": "DEFAULT"
                  }
                ]
              }
            ],
            "node_version": "1.27.8-gke.1067004",
            "notification_config": [
              {
                "pubsub": [
                  {
                    "enabled": false,
                    "filter": [],
                    "topic": ""
                  }
                ]
              }
            ],
            "operation": null,
            "private_cluster_config": [
              {
                "enable_private_endpoint": false,
                "enable_private_nodes": false,
                "master_global_access_config": [
                  {
                    "enabled": false
                  }
                ],
                "master_ipv4_cidr_block": "",
                "peering_name": "",
                "private_endpoint": "10.128.0.2",
                "private_endpoint_subnetwork": "",
                "public_endpoint": "35.184.45.115"
              }
            ],
            "private_ipv6_google_access": "",
            "project": "mlops-845261",
            "release_channel": [
              {
                "channel": "REGULAR"
              }
            ],
            "remove_default_node_pool": true,
            "resource_labels": null,
            "resource_usage_export_config": [],
            "security_posture_config": [
              {
                "mode": "BASIC",
                "vulnerability_mode": "VULNERABILITY_MODE_UNSPECIFIED"
              }
            ],
            "self_link": "https://container.googleapis.com/v1/projects/mlops-845261/locations/us-central1/clusters/mlops-845261-gke",
            "service_external_ips_config": [
              {
                "enabled": false
              }
            ],
            "services_ipv4_cidr": "10.3.240.0/20",
            "subnetwork": "projects/mlops-845261/regions/us-central1/subnetworks/default",
            "timeouts": null,
            "tpu_ipv4_cidr_block": "",
            "vertical_pod_autoscaling": [],
            "workload_identity_config": []
          },
          "sensitive_attributes": [],
          "private": "eyJlMmJmYjczMC1lY2FhLTExZTYtOGY4OC0zNDM2M2JjN2M0YzAiOnsiY3JlYXRlIjoyNDAwMDAwMDAwMDAwLCJkZWxldGUiOjI0MDAwMDAwMDAwMDAsInJlYWQiOjI0MDAwMDAwMDAwMDAsInVwZGF0ZSI6MzYwMDAwMDAwMDAwMH0sInNjaGVtYV92ZXJzaW9uIjoiMSJ9"
        }
      ]
    },
    {
      "mode": "managed",
      "type": "google_container_node_pool",
      "name": "primary_preemptible_nodes",
      "provider": "provider[\"registry.terraform.io/hashicorp/google\"]",
      "instances": [
        {
          "schema_version": 1,
          "attributes": {
            "autoscaling": [],
            "cluster": "mlops-845261-gke",
            "id": "projects/mlops-845261/locations/us-central1/clusters/mlops-845261-gke/nodePools/node-pool",
            "initial_node_count": 1,
            "instance_group_urls": [
              "https://www.googleapis.com/compute/v1/projects/mlops-845261/zones/us-central1-b/instanceGroupManagers/gke-mlops-845261-gke-node-pool-e50462d6-grp",
              "https://www.googleapis.com/compute/v1/projects/mlops-845261/zones/us-central1-a/instanceGroupManagers/gke-mlops-845261-gke-node-pool-b66d9f3b-grp",
              "https://www.googleapis.com/compute/v1/projects/mlops-845261/zones/us-central1-f/instanceGroupManagers/gke-mlops-845261-gke-node-pool-6efc3c43-grp"
            ],
            "location": "us-central1",
            "managed_instance_group_urls": [
              "https://www.googleapis.com/compute/v1/projects/mlops-845261/zones/us-central1-b/instanceGroups/gke-mlops-845261-gke-node-pool-e50462d6-grp",
              "https://www.googleapis.com/compute/v1/projects/mlops-845261/zones/us-central1-a/instanceGroups/gke-mlops-845261-gke-node-pool-b66d9f3b-grp",
              "https://www.googleapis.com/compute/v1/projects/mlops-845261/zones/us-central1-f/instanceGroups/gke-mlops-845261-gke-node-pool-6efc3c43-grp"
            ],
            "management": [
              {
                "auto_repair": true,
                "auto_upgrade": true
              }
            ],
            "max_pods_per_node": null,
            "name": "node-pool",
            "name_prefix": "",
            "network_config": [
              {
                "create_pod_range": false,
                "enable_private_nodes": false,
                "pod_cidr_overprovision_config": [],
                "pod_ipv4_cidr_block": "",
                "pod_range": ""
              }
            ],
            "node_config": [
              {
                "advanced_machine_features": [],
                "boot_disk_kms_key": "",
                "disk_size_gb": 100,
                "disk_type": "pd-balanced",
                "ephemeral_storage_local_ssd_config": [],
                "gcfs_config": [],
                "guest_accelerator": [],
                "gvnic": [],
                "host_maintenance_policy": [],
                "image_type": "COS_CONTAINERD",
                "kubelet_config": [],
                "labels": {},
                "linux_node_config": [],
                "local_nvme_ssd_block_config": [],
                "local_ssd_count": 0,
                "logging_variant": "DEFAULT",
                "machine_type": "e2-standard-8",
                "metadata": {
                  "disable-legacy-endpoints": "true"
                },
                "min_cpu_platform": "",
                "node_group": "",
                "oauth_scopes": [
                  "https://www.googleapis.com/auth/devstorage.read_only",
                  "https://www.googleapis.com/auth/logging.write",
                  "https://www.googleapis.com/auth/monitoring",
                  "https://www.googleapis.com/auth/service.management.readonly",
                  "https://www.googleapis.com/auth/servicecontrol",
                  "https://www.googleapis.com/auth/trace.append"
                ],
                "preemptible": true,
                "reservation_affinity": [],
                "resource_labels": null,
                "service_account": "default",
                "shielded_instance_config": [
                  {
                    "enable_integrity_monitoring": true,
                    "enable_secure_boot": false
                  }
                ],
                "sole_tenant_config": [],
                "spot": false,
                "tags": null,
                "taint": [],
                "workload_metadata_config": []
              }
            ],
            "node_count": 1,
            "node_locations": [
              "us-central1-a",
              "us-central1-b",
              "us-central1-f"
            ],
            "operation": null,
            "placement_policy": [],
            "project": "mlops-845261",
            "timeouts": null,
            "upgrade_settings": [
              {
                "blue_green_settings": [],
                "max_surge": 1,
                "max_unavailable": 0,
                "strategy": "SURGE"
              }
            ],
            "version": "1.27.8-gke.1067004"
          },
          "sensitive_attributes": [],
          "private": "eyJlMmJmYjczMC1lY2FhLTExZTYtOGY4OC0zNDM2M2JjN2M0YzAiOnsiY3JlYXRlIjoxODAwMDAwMDAwMDAwLCJkZWxldGUiOjE4MDAwMDAwMDAwMDAsInVwZGF0ZSI6MTgwMDAwMDAwMDAwMH0sInNjaGVtYV92ZXJzaW9uIjoiMSJ9",
          "dependencies": [
            "google_container_cluster.primary"
          ]
        }
      ]
    }
  ],
  "check_results": null
}
